// !$*UTF8*$!
{
	archiveVersion = 1;
	classes = {
	};
	objectVersion = 46;
	objects = {

/* Begin PBXBuildFile section */
		63023B6517F7768C00B49D02 /* Foundation.framework in Frameworks */ = {isa = PBXBuildFile; fileRef = 63023B6417F7768C00B49D02 /* Foundation.framework */; };
		63023B6717F7768C00B49D02 /* CoreGraphics.framework in Frameworks */ = {isa = PBXBuildFile; fileRef = 63023B6617F7768C00B49D02 /* CoreGraphics.framework */; };
		63023B6917F7768C00B49D02 /* UIKit.framework in Frameworks */ = {isa = PBXBuildFile; fileRef = 63023B6817F7768C00B49D02 /* UIKit.framework */; };
		63023B6F17F7768C00B49D02 /* InfoPlist.strings in Resources */ = {isa = PBXBuildFile; fileRef = 63023B6D17F7768C00B49D02 /* InfoPlist.strings */; };
		63023B7117F7768C00B49D02 /* main.m in Sources */ = {isa = PBXBuildFile; fileRef = 63023B7017F7768C00B49D02 /* main.m */; };
		63023B7517F7768C00B49D02 /* AppDelegate.m in Sources */ = {isa = PBXBuildFile; fileRef = 63023B7417F7768C00B49D02 /* AppDelegate.m */; };
		63023B7817F7768C00B49D02 /* Main_iPhone.storyboard in Resources */ = {isa = PBXBuildFile; fileRef = 63023B7617F7768C00B49D02 /* Main_iPhone.storyboard */; };
		63023B7B17F7768C00B49D02 /* Main_iPad.storyboard in Resources */ = {isa = PBXBuildFile; fileRef = 63023B7917F7768C00B49D02 /* Main_iPad.storyboard */; };
		63023B7E17F7768C00B49D02 /* MasterViewController.m in Sources */ = {isa = PBXBuildFile; fileRef = 63023B7D17F7768C00B49D02 /* MasterViewController.m */; };
		63023B8117F7768C00B49D02 /* DetailViewController.m in Sources */ = {isa = PBXBuildFile; fileRef = 63023B8017F7768C00B49D02 /* DetailViewController.m */; };
		63023B8317F7768C00B49D02 /* Images.xcassets in Resources */ = {isa = PBXBuildFile; fileRef = 63023B8217F7768C00B49D02 /* Images.xcassets */; };
		63023B8A17F7768C00B49D02 /* XCTest.framework in Frameworks */ = {isa = PBXBuildFile; fileRef = 63023B8917F7768C00B49D02 /* XCTest.framework */; };
		63023B8B17F7768C00B49D02 /* Foundation.framework in Frameworks */ = {isa = PBXBuildFile; fileRef = 63023B6417F7768C00B49D02 /* Foundation.framework */; };
		63023B8C17F7768C00B49D02 /* UIKit.framework in Frameworks */ = {isa = PBXBuildFile; fileRef = 63023B6817F7768C00B49D02 /* UIKit.framework */; };
		63023B9417F7768C00B49D02 /* InfoPlist.strings in Resources */ = {isa = PBXBuildFile; fileRef = 63023B9217F7768C00B49D02 /* InfoPlist.strings */; };
		63023B9617F7768C00B49D02 /* JaxTechMeetupsTests.m in Sources */ = {isa = PBXBuildFile; fileRef = 63023B9517F7768C00B49D02 /* JaxTechMeetupsTests.m */; };
		63F11C5519E9B5DF003123D5 /* Contents.json in Resources */ = {isa = PBXBuildFile; fileRef = 63F11C4A19E9B5DF003123D5 /* Contents.json */; };
		63F11C5619E9B5DF003123D5 /* Icon-40.png in Resources */ = {isa = PBXBuildFile; fileRef = 63F11C4B19E9B5DF003123D5 /* Icon-40.png */; };
		63F11C5719E9B5DF003123D5 /* Icon-40@2x.png in Resources */ = {isa = PBXBuildFile; fileRef = 63F11C4C19E9B5DF003123D5 /* Icon-40@2x.png */; };
		63F11C5819E9B5DF003123D5 /* Icon-40@3x.png in Resources */ = {isa = PBXBuildFile; fileRef = 63F11C4D19E9B5DF003123D5 /* Icon-40@3x.png */; };
		63F11C5919E9B5DF003123D5 /* Icon-60@2x.png in Resources */ = {isa = PBXBuildFile; fileRef = 63F11C4E19E9B5DF003123D5 /* Icon-60@2x.png */; };
		63F11C5A19E9B5DF003123D5 /* Icon-60@3x.png in Resources */ = {isa = PBXBuildFile; fileRef = 63F11C4F19E9B5DF003123D5 /* Icon-60@3x.png */; };
		63F11C5B19E9B5DF003123D5 /* Icon-76.png in Resources */ = {isa = PBXBuildFile; fileRef = 63F11C5019E9B5DF003123D5 /* Icon-76.png */; };
		63F11C5C19E9B5DF003123D5 /* Icon-76@2x.png in Resources */ = {isa = PBXBuildFile; fileRef = 63F11C5119E9B5DF003123D5 /* Icon-76@2x.png */; };
		63F11C5D19E9B5DF003123D5 /* Icon-Small.png in Resources */ = {isa = PBXBuildFile; fileRef = 63F11C5219E9B5DF003123D5 /* Icon-Small.png */; };
		63F11C5E19E9B5DF003123D5 /* Icon-Small@2x.png in Resources */ = {isa = PBXBuildFile; fileRef = 63F11C5319E9B5DF003123D5 /* Icon-Small@2x.png */; };
		63F11C5F19E9B5DF003123D5 /* Icon-Small@3x.png in Resources */ = {isa = PBXBuildFile; fileRef = 63F11C5419E9B5DF003123D5 /* Icon-Small@3x.png */; };
		63F11C6319EB00C8003123D5 /* LaunchScreen-568h@2x.png in Resources */ = {isa = PBXBuildFile; fileRef = 63F11C6019EB00C8003123D5 /* LaunchScreen-568h@2x.png */; };
		63F11C6419EB00C8003123D5 /* LaunchScreen.png in Resources */ = {isa = PBXBuildFile; fileRef = 63F11C6119EB00C8003123D5 /* LaunchScreen.png */; };
		63F11C6519EB00C8003123D5 /* LaunchScreen@2x.png in Resources */ = {isa = PBXBuildFile; fileRef = 63F11C6219EB00C8003123D5 /* LaunchScreen@2x.png */; };
/* End PBXBuildFile section */

/* Begin PBXContainerItemProxy section */
		63023B8D17F7768C00B49D02 /* PBXContainerItemProxy */ = {
			isa = PBXContainerItemProxy;
			containerPortal = 63023B5917F7768C00B49D02 /* Project object */;
			proxyType = 1;
			remoteGlobalIDString = 63023B6017F7768C00B49D02;
			remoteInfo = JaxTechMeetups;
		};
/* End PBXContainerItemProxy section */

/* Begin PBXFileReference section */
		63023B6117F7768C00B49D02 /* JaxTechMeetups.app */ = {isa = PBXFileReference; explicitFileType = wrapper.application; includeInIndex = 0; path = JaxTechMeetups.app; sourceTree = BUILT_PRODUCTS_DIR; };
		63023B6417F7768C00B49D02 /* Foundation.framework */ = {isa = PBXFileReference; lastKnownFileType = wrapper.framework; name = Foundation.framework; path = System/Library/Frameworks/Foundation.framework; sourceTree = SDKROOT; };
		63023B6617F7768C00B49D02 /* CoreGraphics.framework */ = {isa = PBXFileReference; lastKnownFileType = wrapper.framework; name = CoreGraphics.framework; path = System/Library/Frameworks/CoreGraphics.framework; sourceTree = SDKROOT; };
		63023B6817F7768C00B49D02 /* UIKit.framework */ = {isa = PBXFileReference; lastKnownFileType = wrapper.framework; name = UIKit.framework; path = System/Library/Frameworks/UIKit.framework; sourceTree = SDKROOT; };
		63023B6C17F7768C00B49D02 /* JaxTechMeetups-Info.plist */ = {isa = PBXFileReference; lastKnownFileType = text.plist.xml; path = "JaxTechMeetups-Info.plist"; sourceTree = "<group>"; };
		63023B6E17F7768C00B49D02 /* en */ = {isa = PBXFileReference; lastKnownFileType = text.plist.strings; name = en; path = en.lproj/InfoPlist.strings; sourceTree = "<group>"; };
		63023B7017F7768C00B49D02 /* main.m */ = {isa = PBXFileReference; lastKnownFileType = sourcecode.c.objc; path = main.m; sourceTree = "<group>"; };
		63023B7217F7768C00B49D02 /* JaxTechMeetups-Prefix.pch */ = {isa = PBXFileReference; lastKnownFileType = sourcecode.c.h; path = "JaxTechMeetups-Prefix.pch"; sourceTree = "<group>"; };
		63023B7317F7768C00B49D02 /* AppDelegate.h */ = {isa = PBXFileReference; lastKnownFileType = sourcecode.c.h; path = AppDelegate.h; sourceTree = "<group>"; };
		63023B7417F7768C00B49D02 /* AppDelegate.m */ = {isa = PBXFileReference; lastKnownFileType = sourcecode.c.objc; path = AppDelegate.m; sourceTree = "<group>"; };
		63023B7717F7768C00B49D02 /* Base */ = {isa = PBXFileReference; lastKnownFileType = file.storyboard; name = Base; path = Base.lproj/Main_iPhone.storyboard; sourceTree = "<group>"; };
		63023B7A17F7768C00B49D02 /* Base */ = {isa = PBXFileReference; lastKnownFileType = file.storyboard; name = Base; path = Base.lproj/Main_iPad.storyboard; sourceTree = "<group>"; };
		63023B7C17F7768C00B49D02 /* MasterViewController.h */ = {isa = PBXFileReference; lastKnownFileType = sourcecode.c.h; path = MasterViewController.h; sourceTree = "<group>"; };
		63023B7D17F7768C00B49D02 /* MasterViewController.m */ = {isa = PBXFileReference; lastKnownFileType = sourcecode.c.objc; path = MasterViewController.m; sourceTree = "<group>"; };
		63023B7F17F7768C00B49D02 /* DetailViewController.h */ = {isa = PBXFileReference; lastKnownFileType = sourcecode.c.h; path = DetailViewController.h; sourceTree = "<group>"; };
		63023B8017F7768C00B49D02 /* DetailViewController.m */ = {isa = PBXFileReference; lastKnownFileType = sourcecode.c.objc; path = DetailViewController.m; sourceTree = "<group>"; };
		63023B8217F7768C00B49D02 /* Images.xcassets */ = {isa = PBXFileReference; lastKnownFileType = folder.assetcatalog; path = Images.xcassets; sourceTree = "<group>"; };
		63023B8817F7768C00B49D02 /* JaxTechMeetupsTests.xctest */ = {isa = PBXFileReference; explicitFileType = wrapper.cfbundle; includeInIndex = 0; path = JaxTechMeetupsTests.xctest; sourceTree = BUILT_PRODUCTS_DIR; };
		63023B8917F7768C00B49D02 /* XCTest.framework */ = {isa = PBXFileReference; lastKnownFileType = wrapper.framework; name = XCTest.framework; path = Library/Frameworks/XCTest.framework; sourceTree = DEVELOPER_DIR; };
		63023B9117F7768C00B49D02 /* JaxTechMeetupsTests-Info.plist */ = {isa = PBXFileReference; lastKnownFileType = text.plist.xml; path = "JaxTechMeetupsTests-Info.plist"; sourceTree = "<group>"; };
		63023B9317F7768C00B49D02 /* en */ = {isa = PBXFileReference; lastKnownFileType = text.plist.strings; name = en; path = en.lproj/InfoPlist.strings; sourceTree = "<group>"; };
		63023B9517F7768C00B49D02 /* JaxTechMeetupsTests.m */ = {isa = PBXFileReference; lastKnownFileType = sourcecode.c.objc; path = JaxTechMeetupsTests.m; sourceTree = "<group>"; };
		63F11C4A19E9B5DF003123D5 /* Contents.json */ = {isa = PBXFileReference; fileEncoding = 4; lastKnownFileType = text.json; path = Contents.json; sourceTree = "<group>"; };
		63F11C4B19E9B5DF003123D5 /* Icon-40.png */ = {isa = PBXFileReference; lastKnownFileType = image.png; name = "Icon-40.png"; path = "AppIcon.appiconset/Icon-40.png"; sourceTree = "<group>"; };
		63F11C4C19E9B5DF003123D5 /* Icon-40@2x.png */ = {isa = PBXFileReference; lastKnownFileType = image.png; name = "Icon-40@2x.png"; path = "AppIcon.appiconset/Icon-40@2x.png"; sourceTree = "<group>"; };
		63F11C4D19E9B5DF003123D5 /* Icon-40@3x.png */ = {isa = PBXFileReference; lastKnownFileType = image.png; name = "Icon-40@3x.png"; path = "AppIcon.appiconset/Icon-40@3x.png"; sourceTree = "<group>"; };
		63F11C4E19E9B5DF003123D5 /* Icon-60@2x.png */ = {isa = PBXFileReference; lastKnownFileType = image.png; name = "Icon-60@2x.png"; path = "AppIcon.appiconset/Icon-60@2x.png"; sourceTree = "<group>"; };
		63F11C4F19E9B5DF003123D5 /* Icon-60@3x.png */ = {isa = PBXFileReference; lastKnownFileType = image.png; name = "Icon-60@3x.png"; path = "AppIcon.appiconset/Icon-60@3x.png"; sourceTree = "<group>"; };
		63F11C5019E9B5DF003123D5 /* Icon-76.png */ = {isa = PBXFileReference; lastKnownFileType = image.png; name = "Icon-76.png"; path = "AppIcon.appiconset/Icon-76.png"; sourceTree = "<group>"; };
		63F11C5119E9B5DF003123D5 /* Icon-76@2x.png */ = {isa = PBXFileReference; lastKnownFileType = image.png; name = "Icon-76@2x.png"; path = "AppIcon.appiconset/Icon-76@2x.png"; sourceTree = "<group>"; };
		63F11C5219E9B5DF003123D5 /* Icon-Small.png */ = {isa = PBXFileReference; lastKnownFileType = image.png; name = "Icon-Small.png"; path = "AppIcon.appiconset/Icon-Small.png"; sourceTree = "<group>"; };
		63F11C5319E9B5DF003123D5 /* Icon-Small@2x.png */ = {isa = PBXFileReference; lastKnownFileType = image.png; name = "Icon-Small@2x.png"; path = "AppIcon.appiconset/Icon-Small@2x.png"; sourceTree = "<group>"; };
		63F11C5419E9B5DF003123D5 /* Icon-Small@3x.png */ = {isa = PBXFileReference; lastKnownFileType = image.png; name = "Icon-Small@3x.png"; path = "AppIcon.appiconset/Icon-Small@3x.png"; sourceTree = "<group>"; };
		63F11C6019EB00C8003123D5 /* LaunchScreen-568h@2x.png */ = {isa = PBXFileReference; lastKnownFileType = image.png; path = "LaunchScreen-568h@2x.png"; sourceTree = "<group>"; };
		63F11C6119EB00C8003123D5 /* LaunchScreen.png */ = {isa = PBXFileReference; lastKnownFileType = image.png; path = LaunchScreen.png; sourceTree = "<group>"; };
		63F11C6219EB00C8003123D5 /* LaunchScreen@2x.png */ = {isa = PBXFileReference; lastKnownFileType = image.png; path = "LaunchScreen@2x.png"; sourceTree = "<group>"; };
/* End PBXFileReference section */

/* Begin PBXFrameworksBuildPhase section */
		63023B5E17F7768C00B49D02 /* Frameworks */ = {
			isa = PBXFrameworksBuildPhase;
			buildActionMask = 2147483647;
			files = (
				63023B6717F7768C00B49D02 /* CoreGraphics.framework in Frameworks */,
				63023B6917F7768C00B49D02 /* UIKit.framework in Frameworks */,
				63023B6517F7768C00B49D02 /* Foundation.framework in Frameworks */,
			);
			runOnlyForDeploymentPostprocessing = 0;
		};
		63023B8517F7768C00B49D02 /* Frameworks */ = {
			isa = PBXFrameworksBuildPhase;
			buildActionMask = 2147483647;
			files = (
				63023B8A17F7768C00B49D02 /* XCTest.framework in Frameworks */,
				63023B8C17F7768C00B49D02 /* UIKit.framework in Frameworks */,
				63023B8B17F7768C00B49D02 /* Foundation.framework in Frameworks */,
			);
			runOnlyForDeploymentPostprocessing = 0;
		};
/* End PBXFrameworksBuildPhase section */

/* Begin PBXGroup section */
		63023B5817F7768C00B49D02 = {
			isa = PBXGroup;
			children = (
				63023B6A17F7768C00B49D02 /* JaxTechMeetups */,
				63023B8F17F7768C00B49D02 /* JaxTechMeetupsTests */,
				63023B6317F7768C00B49D02 /* Frameworks */,
				63023B6217F7768C00B49D02 /* Products */,
			);
			sourceTree = "<group>";
		};
		63023B6217F7768C00B49D02 /* Products */ = {
			isa = PBXGroup;
			children = (
				63023B6117F7768C00B49D02 /* JaxTechMeetups.app */,
				63023B8817F7768C00B49D02 /* JaxTechMeetupsTests.xctest */,
			);
			name = Products;
			sourceTree = "<group>";
		};
		63023B6317F7768C00B49D02 /* Frameworks */ = {
			isa = PBXGroup;
			children = (
				63023B6417F7768C00B49D02 /* Foundation.framework */,
				63023B6617F7768C00B49D02 /* CoreGraphics.framework */,
				63023B6817F7768C00B49D02 /* UIKit.framework */,
				63023B8917F7768C00B49D02 /* XCTest.framework */,
			);
			name = Frameworks;
			sourceTree = "<group>";
		};
		63023B6A17F7768C00B49D02 /* JaxTechMeetups */ = {
			isa = PBXGroup;
			children = (
				63F11C4919E9B5DF003123D5 /* AppIcon.appiconset */,
				63023B7317F7768C00B49D02 /* AppDelegate.h */,
				63023B7417F7768C00B49D02 /* AppDelegate.m */,
				63023B7617F7768C00B49D02 /* Main_iPhone.storyboard */,
				63023B7917F7768C00B49D02 /* Main_iPad.storyboard */,
				63023B7C17F7768C00B49D02 /* MasterViewController.h */,
				63023B7D17F7768C00B49D02 /* MasterViewController.m */,
				63023B7F17F7768C00B49D02 /* DetailViewController.h */,
				63023B8017F7768C00B49D02 /* DetailViewController.m */,
				63F11C6219EB00C8003123D5 /* LaunchScreen@2x.png */,
				63F11C6119EB00C8003123D5 /* LaunchScreen.png */,
				63F11C6019EB00C8003123D5 /* LaunchScreen-568h@2x.png */,
				63023B8217F7768C00B49D02 /* Images.xcassets */,
				63F11C4C19E9B5DF003123D5 /* Icon-40@2x.png */,
				63F11C4D19E9B5DF003123D5 /* Icon-40@3x.png */,
				63F11C4E19E9B5DF003123D5 /* Icon-60@2x.png */,
				63F11C4F19E9B5DF003123D5 /* Icon-60@3x.png */,
				63F11C5019E9B5DF003123D5 /* Icon-76.png */,
				63F11C5119E9B5DF003123D5 /* Icon-76@2x.png */,
				63F11C5219E9B5DF003123D5 /* Icon-Small.png */,
				63F11C5319E9B5DF003123D5 /* Icon-Small@2x.png */,
				63F11C5419E9B5DF003123D5 /* Icon-Small@3x.png */,
				63F11C4B19E9B5DF003123D5 /* Icon-40.png */,
				63023B6B17F7768C00B49D02 /* Supporting Files */,
			);
			path = JaxTechMeetups;
			sourceTree = "<group>";
		};
		63023B6B17F7768C00B49D02 /* Supporting Files */ = {
			isa = PBXGroup;
			children = (
				63023B6C17F7768C00B49D02 /* JaxTechMeetups-Info.plist */,
				63023B6D17F7768C00B49D02 /* InfoPlist.strings */,
				63023B7017F7768C00B49D02 /* main.m */,
				63023B7217F7768C00B49D02 /* JaxTechMeetups-Prefix.pch */,
			);
			name = "Supporting Files";
			sourceTree = "<group>";
		};
		63023B8F17F7768C00B49D02 /* JaxTechMeetupsTests */ = {
			isa = PBXGroup;
			children = (
				63023B9517F7768C00B49D02 /* JaxTechMeetupsTests.m */,
				63023B9017F7768C00B49D02 /* Supporting Files */,
			);
			path = JaxTechMeetupsTests;
			sourceTree = "<group>";
		};
		63023B9017F7768C00B49D02 /* Supporting Files */ = {
			isa = PBXGroup;
			children = (
				63023B9117F7768C00B49D02 /* JaxTechMeetupsTests-Info.plist */,
				63023B9217F7768C00B49D02 /* InfoPlist.strings */,
			);
			name = "Supporting Files";
			sourceTree = "<group>";
		};
		63F11C4919E9B5DF003123D5 /* AppIcon.appiconset */ = {
			isa = PBXGroup;
			children = (
				63F11C4A19E9B5DF003123D5 /* Contents.json */,
			);
			path = AppIcon.appiconset;
			sourceTree = "<group>";
		};
/* End PBXGroup section */

/* Begin PBXNativeTarget section */
		63023B6017F7768C00B49D02 /* JaxTechMeetups */ = {
			isa = PBXNativeTarget;
			buildConfigurationList = 63023B9917F7768C00B49D02 /* Build configuration list for PBXNativeTarget "JaxTechMeetups" */;
			buildPhases = (
				63023B5D17F7768C00B49D02 /* Sources */,
				63023B5E17F7768C00B49D02 /* Frameworks */,
				63023B5F17F7768C00B49D02 /* Resources */,
			);
			buildRules = (
			);
			dependencies = (
			);
			name = JaxTechMeetups;
			productName = JaxTechMeetups;
			productReference = 63023B6117F7768C00B49D02 /* JaxTechMeetups.app */;
			productType = "com.apple.product-type.application";
		};
		63023B8717F7768C00B49D02 /* JaxTechMeetupsTests */ = {
			isa = PBXNativeTarget;
			buildConfigurationList = 63023B9C17F7768C00B49D02 /* Build configuration list for PBXNativeTarget "JaxTechMeetupsTests" */;
			buildPhases = (
				63023B8417F7768C00B49D02 /* Sources */,
				63023B8517F7768C00B49D02 /* Frameworks */,
				63023B8617F7768C00B49D02 /* Resources */,
			);
			buildRules = (
			);
			dependencies = (
				63023B8E17F7768C00B49D02 /* PBXTargetDependency */,
			);
			name = JaxTechMeetupsTests;
			productName = JaxTechMeetupsTests;
			productReference = 63023B8817F7768C00B49D02 /* JaxTechMeetupsTests.xctest */;
			productType = "com.apple.product-type.bundle.unit-test";
		};
/* End PBXNativeTarget section */

/* Begin PBXProject section */
		63023B5917F7768C00B49D02 /* Project object */ = {
			isa = PBXProject;
			attributes = {
				LastUpgradeCheck = 0500;
				ORGANIZATIONNAME = "David Fekke L.L.C.";
				TargetAttributes = {
					63023B6017F7768C00B49D02 = {
						DevelopmentTeam = JXRDDKQ33V;
					};
					63023B8717F7768C00B49D02 = {
						TestTargetID = 63023B6017F7768C00B49D02;
					};
				};
			};
			buildConfigurationList = 63023B5C17F7768C00B49D02 /* Build configuration list for PBXProject "JaxTechMeetups" */;
			compatibilityVersion = "Xcode 3.2";
			developmentRegion = English;
			hasScannedForEncodings = 0;
			knownRegions = (
				en,
				Base,
			);
			mainGroup = 63023B5817F7768C00B49D02;
			productRefGroup = 63023B6217F7768C00B49D02 /* Products */;
			projectDirPath = "";
			projectRoot = "";
			targets = (
				63023B6017F7768C00B49D02 /* JaxTechMeetups */,
				63023B8717F7768C00B49D02 /* JaxTechMeetupsTests */,
			);
		};
/* End PBXProject section */

/* Begin PBXResourcesBuildPhase section */
		63023B5F17F7768C00B49D02 /* Resources */ = {
			isa = PBXResourcesBuildPhase;
			buildActionMask = 2147483647;
			files = (
				63F11C5519E9B5DF003123D5 /* Contents.json in Resources */,
				63023B7B17F7768C00B49D02 /* Main_iPad.storyboard in Resources */,
				63F11C5619E9B5DF003123D5 /* Icon-40.png in Resources */,
				63F11C6419EB00C8003123D5 /* LaunchScreen.png in Resources */,
				63F11C5F19E9B5DF003123D5 /* Icon-Small@3x.png in Resources */,
				63F11C6519EB00C8003123D5 /* LaunchScreen@2x.png in Resources */,
				63F11C5D19E9B5DF003123D5 /* Icon-Small.png in Resources */,
				63023B8317F7768C00B49D02 /* Images.xcassets in Resources */,
				63F11C5719E9B5DF003123D5 /* Icon-40@2x.png in Resources */,
				63F11C5919E9B5DF003123D5 /* Icon-60@2x.png in Resources */,
				63F11C6319EB00C8003123D5 /* LaunchScreen-568h@2x.png in Resources */,
				63F11C5B19E9B5DF003123D5 /* Icon-76.png in Resources */,
				63F11C5A19E9B5DF003123D5 /* Icon-60@3x.png in Resources */,
				63023B7817F7768C00B49D02 /* Main_iPhone.storyboard in Resources */,
				63F11C5819E9B5DF003123D5 /* Icon-40@3x.png in Resources */,
				63F11C5C19E9B5DF003123D5 /* Icon-76@2x.png in Resources */,
				63023B6F17F7768C00B49D02 /* InfoPlist.strings in Resources */,
				63F11C5E19E9B5DF003123D5 /* Icon-Small@2x.png in Resources */,
			);
			runOnlyForDeploymentPostprocessing = 0;
		};
		63023B8617F7768C00B49D02 /* Resources */ = {
			isa = PBXResourcesBuildPhase;
			buildActionMask = 2147483647;
			files = (
				63023B9417F7768C00B49D02 /* InfoPlist.strings in Resources */,
			);
			runOnlyForDeploymentPostprocessing = 0;
		};
/* End PBXResourcesBuildPhase section */

/* Begin PBXSourcesBuildPhase section */
		63023B5D17F7768C00B49D02 /* Sources */ = {
			isa = PBXSourcesBuildPhase;
			buildActionMask = 2147483647;
			files = (
				63023B7517F7768C00B49D02 /* AppDelegate.m in Sources */,
				63023B7E17F7768C00B49D02 /* MasterViewController.m in Sources */,
				63023B7117F7768C00B49D02 /* main.m in Sources */,
				63023B8117F7768C00B49D02 /* DetailViewController.m in Sources */,
			);
			runOnlyForDeploymentPostprocessing = 0;
		};
		63023B8417F7768C00B49D02 /* Sources */ = {
			isa = PBXSourcesBuildPhase;
			buildActionMask = 2147483647;
			files = (
				63023B9617F7768C00B49D02 /* JaxTechMeetupsTests.m in Sources */,
			);
			runOnlyForDeploymentPostprocessing = 0;
		};
/* End PBXSourcesBuildPhase section */

/* Begin PBXTargetDependency section */
		63023B8E17F7768C00B49D02 /* PBXTargetDependency */ = {
			isa = PBXTargetDependency;
			target = 63023B6017F7768C00B49D02 /* JaxTechMeetups */;
			targetProxy = 63023B8D17F7768C00B49D02 /* PBXContainerItemProxy */;
		};
/* End PBXTargetDependency section */

/* Begin PBXVariantGroup section */
		63023B6D17F7768C00B49D02 /* InfoPlist.strings */ = {
			isa = PBXVariantGroup;
			children = (
				63023B6E17F7768C00B49D02 /* en */,
			);
			name = InfoPlist.strings;
			sourceTree = "<group>";
		};
		63023B7617F7768C00B49D02 /* Main_iPhone.storyboard */ = {
			isa = PBXVariantGroup;
			children = (
				63023B7717F7768C00B49D02 /* Base */,
			);
			name = Main_iPhone.storyboard;
			sourceTree = "<group>";
		};
		63023B7917F7768C00B49D02 /* Main_iPad.storyboard */ = {
			isa = PBXVariantGroup;
			children = (
				63023B7A17F7768C00B49D02 /* Base */,
			);
			name = Main_iPad.storyboard;
			sourceTree = "<group>";
		};
		63023B9217F7768C00B49D02 /* InfoPlist.strings */ = {
			isa = PBXVariantGroup;
			children = (
				63023B9317F7768C00B49D02 /* en */,
			);
			name = InfoPlist.strings;
			sourceTree = "<group>";
		};
/* End PBXVariantGroup section */

/* Begin XCBuildConfiguration section */
		63023B9717F7768C00B49D02 /* Debug */ = {
			isa = XCBuildConfiguration;
			buildSettings = {
				ALWAYS_SEARCH_USER_PATHS = NO;
				ARCHS = "$(ARCHS_STANDARD_INCLUDING_64_BIT)";
				CLANG_CXX_LANGUAGE_STANDARD = "gnu++0x";
				CLANG_CXX_LIBRARY = "libc++";
				CLANG_ENABLE_MODULES = YES;
				CLANG_ENABLE_OBJC_ARC = YES;
				CLANG_WARN_BOOL_CONVERSION = YES;
				CLANG_WARN_CONSTANT_CONVERSION = YES;
				CLANG_WARN_DIRECT_OBJC_ISA_USAGE = YES_ERROR;
				CLANG_WARN_EMPTY_BODY = YES;
				CLANG_WARN_ENUM_CONVERSION = YES;
				CLANG_WARN_INT_CONVERSION = YES;
				CLANG_WARN_OBJC_ROOT_CLASS = YES_ERROR;
				CLANG_WARN__DUPLICATE_METHOD_MATCH = YES;
				"CODE_SIGN_IDENTITY[sdk=iphoneos*]" = "iPhone Developer";
				COPY_PHASE_STRIP = NO;
				GCC_C_LANGUAGE_STANDARD = gnu99;
				GCC_DYNAMIC_NO_PIC = NO;
				GCC_OPTIMIZATION_LEVEL = 0;
				GCC_PREPROCESSOR_DEFINITIONS = (
					"DEBUG=1",
					"$(inherited)",
				);
				GCC_SYMBOLS_PRIVATE_EXTERN = NO;
				GCC_WARN_64_TO_32_BIT_CONVERSION = YES;
				GCC_WARN_ABOUT_RETURN_TYPE = YES_ERROR;
				GCC_WARN_UNDECLARED_SELECTOR = YES;
				GCC_WARN_UNINITIALIZED_AUTOS = YES;
				GCC_WARN_UNUSED_FUNCTION = YES;
				GCC_WARN_UNUSED_VARIABLE = YES;
				IPHONEOS_DEPLOYMENT_TARGET = 7.0;
				ONLY_ACTIVE_ARCH = YES;
				SDKROOT = iphoneos;
				TARGETED_DEVICE_FAMILY = "1,2";
			};
			name = Debug;
		};
		63023B9817F7768C00B49D02 /* Release */ = {
			isa = XCBuildConfiguration;
			buildSettings = {
				ALWAYS_SEARCH_USER_PATHS = NO;
				ARCHS = "$(ARCHS_STANDARD_INCLUDING_64_BIT)";
				CLANG_CXX_LANGUAGE_STANDARD = "gnu++0x";
				CLANG_CXX_LIBRARY = "libc++";
				CLANG_ENABLE_MODULES = YES;
				CLANG_ENABLE_OBJC_ARC = YES;
				CLANG_WARN_BOOL_CONVERSION = YES;
				CLANG_WARN_CONSTANT_CONVERSION = YES;
				CLANG_WARN_DIRECT_OBJC_ISA_USAGE = YES_ERROR;
				CLANG_WARN_EMPTY_BODY = YES;
				CLANG_WARN_ENUM_CONVERSION = YES;
				CLANG_WARN_INT_CONVERSION = YES;
				CLANG_WARN_OBJC_ROOT_CLASS = YES_ERROR;
				CLANG_WARN__DUPLICATE_METHOD_MATCH = YES;
				"CODE_SIGN_IDENTITY[sdk=iphoneos*]" = "iPhone Developer";
				COPY_PHASE_STRIP = YES;
				ENABLE_NS_ASSERTIONS = NO;
				GCC_C_LANGUAGE_STANDARD = gnu99;
				GCC_WARN_64_TO_32_BIT_CONVERSION = YES;
				GCC_WARN_ABOUT_RETURN_TYPE = YES_ERROR;
				GCC_WARN_UNDECLARED_SELECTOR = YES;
				GCC_WARN_UNINITIALIZED_AUTOS = YES;
				GCC_WARN_UNUSED_FUNCTION = YES;
				GCC_WARN_UNUSED_VARIABLE = YES;
				IPHONEOS_DEPLOYMENT_TARGET = 7.0;
				SDKROOT = iphoneos;
				TARGETED_DEVICE_FAMILY = "1,2";
				VALIDATE_PRODUCT = YES;
			};
			name = Release;
		};
		63023B9A17F7768C00B49D02 /* Debug */ = {
			isa = XCBuildConfiguration;
			buildSettings = {
				ASSETCATALOG_COMPILER_APPICON_NAME = AppIcon;
				ASSETCATALOG_COMPILER_LAUNCHIMAGE_NAME = LaunchImage;
				CODE_SIGN_IDENTITY = "";
				"CODE_SIGN_IDENTITY[sdk=iphoneos*]" = "";
				GCC_PRECOMPILE_PREFIX_HEADER = YES;
				GCC_PREFIX_HEADER = "JaxTechMeetups/JaxTechMeetups-Prefix.pch";
				INFOPLIST_FILE = "JaxTechMeetups/JaxTechMeetups-Info.plist";
				PRODUCT_NAME = "$(TARGET_NAME)";
				PROVISIONING_PROFILE = "d0d42392-efcb-448f-acce-782284db8723";
				TARGETED_DEVICE_FAMILY = 1;
				WRAPPER_EXTENSION = app;
			};
			name = Debug;
		};
		63023B9B17F7768C00B49D02 /* Release */ = {
			isa = XCBuildConfiguration;
			buildSettings = {
				ASSETCATALOG_COMPILER_APPICON_NAME = AppIcon;
				ASSETCATALOG_COMPILER_LAUNCHIMAGE_NAME = LaunchImage;
				CODE_SIGN_IDENTITY = "";
				"CODE_SIGN_IDENTITY[sdk=iphoneos*]" = "";
				GCC_PRECOMPILE_PREFIX_HEADER = YES;
				GCC_PREFIX_HEADER = "JaxTechMeetups/JaxTechMeetups-Prefix.pch";
				INFOPLIST_FILE = "JaxTechMeetups/JaxTechMeetups-Info.plist";
				PRODUCT_NAME = "$(TARGET_NAME)";
				PROVISIONING_PROFILE = "d0d42392-efcb-448f-acce-782284db8723";
				TARGETED_DEVICE_FAMILY = 1;
				WRAPPER_EXTENSION = app;
			};
			name = Release;
		};
		63023B9D17F7768C00B49D02 /* Debug */ = {
			isa = XCBuildConfiguration;
			buildSettings = {
				ARCHS = "$(ARCHS_STANDARD_INCLUDING_64_BIT)";
				BUNDLE_LOADER = "$(BUILT_PRODUCTS_DIR)/JaxTechMeetups.app/JaxTechMeetups";
				FRAMEWORK_SEARCH_PATHS = (
					"$(SDKROOT)/Developer/Library/Frameworks",
					"$(inherited)",
					"$(DEVELOPER_FRAMEWORKS_DIR)",
				);
				GCC_PRECOMPILE_PREFIX_HEADER = YES;
				GCC_PREFIX_HEADER = "JaxTechMeetups/JaxTechMeetups-Prefix.pch";
				GCC_PREPROCESSOR_DEFINITIONS = (
					"DEBUG=1",
					"$(inherited)",
				);
				INFOPLIST_FILE = "JaxTechMeetupsTests/JaxTechMeetupsTests-Info.plist";
				PRODUCT_NAME = "$(TARGET_NAME)";
				TEST_HOST = "$(BUNDLE_LOADER)";
				WRAPPER_EXTENSION = xctest;
			};
			name = Debug;
		};
		63023B9E17F7768C00B49D02 /* Release */ = {
			isa = XCBuildConfiguration;
			buildSettings = {
				ARCHS = "$(ARCHS_STANDARD_INCLUDING_64_BIT)";
				BUNDLE_LOADER = "$(BUILT_PRODUCTS_DIR)/JaxTechMeetups.app/JaxTechMeetups";
				FRAMEWORK_SEARCH_PATHS = (
					"$(SDKROOT)/Developer/Library/Frameworks",
					"$(inherited)",
					"$(DEVELOPER_FRAMEWORKS_DIR)",
				);
				GCC_PRECOMPILE_PREFIX_HEADER = YES;
				GCC_PREFIX_HEADER = "JaxTechMeetups/JaxTechMeetups-Prefix.pch";
				INFOPLIST_FILE = "JaxTechMeetupsTests/JaxTechMeetupsTests-Info.plist";
				PRODUCT_NAME = "$(TARGET_NAME)";
				TEST_HOST = "$(BUNDLE_LOADER)";
				WRAPPER_EXTENSION = xctest;
			};
			name = Release;
		};
/* End XCBuildConfiguration section */

/* Begin XCConfigurationList section */
		63023B5C17F7768C00B49D02 /* Build configuration list for PBXProject "JaxTechMeetups" */ = {
			isa = XCConfigurationList;
			buildConfigurations = (
				63023B9717F7768C00B49D02 /* Debug */,
				63023B9817F7768C00B49D02 /* Release */,
			);
			defaultConfigurationIsVisible = 0;
			defaultConfigurationName = Release;
		};
		63023B9917F7768C00B49D02 /* Build configuration list for PBXNativeTarget "JaxTechMeetups" */ = {
			isa = XCConfigurationList;
			buildConfigurations = (
				63023B9A17F7768C00B49D02 /* Debug */,
				63023B9B17F7768C00B49D02 /* Release */,
			);
			defaultConfigurationIsVisible = 0;
			defaultConfigurationName = Release;
		};
		63023B9C17F7768C00B49D02 /* Build configuration list for PBXNativeTarget "JaxTechMeetupsTests" */ = {
			isa = XCConfigurationList;
			buildConfigurations = (
				63023B9D17F7768C00B49D02 /* Debug */,
				63023B9E17F7768C00B49D02 /* Release */,
			);
			defaultConfigurationIsVisible = 0;
			defaultConfigurationName = Release;
		};
/* End XCConfigurationList section */
	};
	rootObject = 63023B5917F7768C00B49D02 /* Project object */;
}
